// !$*UTF8*$!
{
	archiveVersion = 1;
	classes = {
	};
	objectVersion = 56;
	objects = {

/* Begin PBXBuildFile section */
		2C7BB6E32AD8E25300F3E7E7 /* AppDelegate.swift in Sources */ = {isa = PBXBuildFile; fileRef = 2C7BB6E22AD8E25300F3E7E7 /* AppDelegate.swift */; };
		2C7BB6E52AD8E25300F3E7E7 /* SceneDelegate.swift in Sources */ = {isa = PBXBuildFile; fileRef = 2C7BB6E42AD8E25300F3E7E7 /* SceneDelegate.swift */; };
		2C7BB6E72AD8E25300F3E7E7 /* WelcomeViewController.swift in Sources */ = {isa = PBXBuildFile; fileRef = 2C7BB6E62AD8E25300F3E7E7 /* WelcomeViewController.swift */; };
		2C7BB6EA2AD8E25300F3E7E7 /* Main.storyboard in Resources */ = {isa = PBXBuildFile; fileRef = 2C7BB6E82AD8E25300F3E7E7 /* Main.storyboard */; };
		2C7BB6EC2AD8E25400F3E7E7 /* Assets.xcassets in Resources */ = {isa = PBXBuildFile; fileRef = 2C7BB6EB2AD8E25400F3E7E7 /* Assets.xcassets */; };
		2C7BB6EF2AD8E25400F3E7E7 /* LaunchScreen.storyboard in Resources */ = {isa = PBXBuildFile; fileRef = 2C7BB6ED2AD8E25400F3E7E7 /* LaunchScreen.storyboard */; };
		2C7BB6F92AD8FA3D00F3E7E7 /* ResultViewController.swift in Sources */ = {isa = PBXBuildFile; fileRef = 2C7BB6F82AD8FA3D00F3E7E7 /* ResultViewController.swift */; };
		2C7BB6FB2AD8FEB800F3E7E7 /* GetDataProtocol.swift in Sources */ = {isa = PBXBuildFile; fileRef = 2C7BB6FA2AD8FEB800F3E7E7 /* GetDataProtocol.swift */; };
/* End PBXBuildFile section */

/* Begin PBXFileReference section */
		2C7BB6DF2AD8E25300F3E7E7 /* 1stWeek.app */ = {isa = PBXFileReference; explicitFileType = wrapper.application; includeInIndex = 0; path = 1stWeek.app; sourceTree = BUILT_PRODUCTS_DIR; };
		2C7BB6E22AD8E25300F3E7E7 /* AppDelegate.swift */ = {isa = PBXFileReference; lastKnownFileType = sourcecode.swift; path = AppDelegate.swift; sourceTree = "<group>"; };
		2C7BB6E42AD8E25300F3E7E7 /* SceneDelegate.swift */ = {isa = PBXFileReference; lastKnownFileType = sourcecode.swift; path = SceneDelegate.swift; sourceTree = "<group>"; };
		2C7BB6E62AD8E25300F3E7E7 /* WelcomeViewController.swift */ = {isa = PBXFileReference; lastKnownFileType = sourcecode.swift; path = WelcomeViewController.swift; sourceTree = "<group>"; };
		2C7BB6E92AD8E25300F3E7E7 /* Base */ = {isa = PBXFileReference; lastKnownFileType = file.storyboard; name = Base; path = Base.lproj/Main.storyboard; sourceTree = "<group>"; };
		2C7BB6EB2AD8E25400F3E7E7 /* Assets.xcassets */ = {isa = PBXFileReference; lastKnownFileType = folder.assetcatalog; path = Assets.xcassets; sourceTree = "<group>"; };
		2C7BB6EE2AD8E25400F3E7E7 /* Base */ = {isa = PBXFileReference; lastKnownFileType = file.storyboard; name = Base; path = Base.lproj/LaunchScreen.storyboard; sourceTree = "<group>"; };
		2C7BB6F02AD8E25400F3E7E7 /* Info.plist */ = {isa = PBXFileReference; lastKnownFileType = text.plist.xml; path = Info.plist; sourceTree = "<group>"; };
		2C7BB6F82AD8FA3D00F3E7E7 /* ResultViewController.swift */ = {isa = PBXFileReference; lastKnownFileType = sourcecode.swift; path = ResultViewController.swift; sourceTree = "<group>"; };
		2C7BB6FA2AD8FEB800F3E7E7 /* GetDataProtocol.swift */ = {isa = PBXFileReference; lastKnownFileType = sourcecode.swift; path = GetDataProtocol.swift; sourceTree = "<group>"; };
/* End PBXFileReference section */

/* Begin PBXFrameworksBuildPhase section */
		2C7BB6DC2AD8E25300F3E7E7 /* Frameworks */ = {
			isa = PBXFrameworksBuildPhase;
			buildActionMask = 2147483647;
			files = (
			);
			runOnlyForDeploymentPostprocessing = 0;
		};
/* End PBXFrameworksBuildPhase section */

/* Begin PBXGroup section */
		2C7BB6D62AD8E25300F3E7E7 = {
			isa = PBXGroup;
			children = (
				2C7BB6E12AD8E25300F3E7E7 /* 1stWeek */,
				2C7BB6E02AD8E25300F3E7E7 /* Products */,
			);
			sourceTree = "<group>";
		};
		2C7BB6E02AD8E25300F3E7E7 /* Products */ = {
			isa = PBXGroup;
			children = (
				2C7BB6DF2AD8E25300F3E7E7 /* 1stWeek.app */,
			);
			name = Products;
			sourceTree = "<group>";
		};
		2C7BB6E12AD8E25300F3E7E7 /* 1stWeek */ = {
			isa = PBXGroup;
			children = (
				2C7BB6E22AD8E25300F3E7E7 /* AppDelegate.swift */,
				2C7BB6E42AD8E25300F3E7E7 /* SceneDelegate.swift */,
				2C7BB6FA2AD8FEB800F3E7E7 /* GetDataProtocol.swift */,
				2C7BB6E62AD8E25300F3E7E7 /* WelcomeViewController.swift */,
				2C7BB6F82AD8FA3D00F3E7E7 /* ResultViewController.swift */,
				2C7BB6E82AD8E25300F3E7E7 /* Main.storyboard */,
				2C7BB6EB2AD8E25400F3E7E7 /* Assets.xcassets */,
				2C7BB6ED2AD8E25400F3E7E7 /* LaunchScreen.storyboard */,
				2C7BB6F02AD8E25400F3E7E7 /* Info.plist */,
			);
			path = 1stWeek;
			sourceTree = "<group>";
		};
/* End PBXGroup section */

/* Begin PBXNativeTarget section */
		2C7BB6DE2AD8E25300F3E7E7 /* 1stWeek */ = {
			isa = PBXNativeTarget;
			buildConfigurationList = 2C7BB6F32AD8E25400F3E7E7 /* Build configuration list for PBXNativeTarget "1stWeek" */;
			buildPhases = (
				2C7BB6DB2AD8E25300F3E7E7 /* Sources */,
				2C7BB6DC2AD8E25300F3E7E7 /* Frameworks */,
				2C7BB6DD2AD8E25300F3E7E7 /* Resources */,
			);
			buildRules = (
			);
			dependencies = (
			);
			name = 1stWeek;
			productName = 1stWeek;
			productReference = 2C7BB6DF2AD8E25300F3E7E7 /* 1stWeek.app */;
			productType = "com.apple.product-type.application";
		};
/* End PBXNativeTarget section */

/* Begin PBXProject section */
		2C7BB6D72AD8E25300F3E7E7 /* Project object */ = {
			isa = PBXProject;
			attributes = {
				BuildIndependentTargetsInParallel = 1;
				LastSwiftUpdateCheck = 1500;
				LastUpgradeCheck = 1500;
				TargetAttributes = {
					2C7BB6DE2AD8E25300F3E7E7 = {
						CreatedOnToolsVersion = 15.0;
					};
				};
			};
			buildConfigurationList = 2C7BB6DA2AD8E25300F3E7E7 /* Build configuration list for PBXProject "1stWeek" */;
			compatibilityVersion = "Xcode 14.0";
			developmentRegion = en;
			hasScannedForEncodings = 0;
			knownRegions = (
				en,
				Base,
			);
			mainGroup = 2C7BB6D62AD8E25300F3E7E7;
			productRefGroup = 2C7BB6E02AD8E25300F3E7E7 /* Products */;
			projectDirPath = "";
			projectRoot = "";
			targets = (
				2C7BB6DE2AD8E25300F3E7E7 /* 1stWeek */,
			);
		};
/* End PBXProject section */

/* Begin PBXResourcesBuildPhase section */
		2C7BB6DD2AD8E25300F3E7E7 /* Resources */ = {
			isa = PBXResourcesBuildPhase;
			buildActionMask = 2147483647;
			files = (
				2C7BB6EF2AD8E25400F3E7E7 /* LaunchScreen.storyboard in Resources */,
				2C7BB6EC2AD8E25400F3E7E7 /* Assets.xcassets in Resources */,
				2C7BB6EA2AD8E25300F3E7E7 /* Main.storyboard in Resources */,
			);
			runOnlyForDeploymentPostprocessing = 0;
		};
/* End PBXResourcesBuildPhase section */

/* Begin PBXSourcesBuildPhase section */
		2C7BB6DB2AD8E25300F3E7E7 /* Sources */ = {
			isa = PBXSourcesBuildPhase;
			buildActionMask = 2147483647;
			files = (
				2C7BB6FB2AD8FEB800F3E7E7 /* GetDataProtocol.swift in Sources */,
				2C7BB6E72AD8E25300F3E7E7 /* WelcomeViewController.swift in Sources */,
				2C7BB6F92AD8FA3D00F3E7E7 /* ResultViewController.swift in Sources */,
				2C7BB6E32AD8E25300F3E7E7 /* AppDelegate.swift in Sources */,
				2C7BB6E52AD8E25300F3E7E7 /* SceneDelegate.swift in Sources */,
			);
			runOnlyForDeploymentPostprocessing = 0;
		};
/* End PBXSourcesBuildPhase section */

/* Begin PBXVariantGroup section */
		2C7BB6E82AD8E25300F3E7E7 /* Main.storyboard */ = {
			isa = PBXVariantGroup;
			children = (
				2C7BB6E92AD8E25300F3E7E7 /* Base */,
			);
			name = Main.storyboard;
			sourceTree = "<group>";
		};
		2C7BB6ED2AD8E25400F3E7E7 /* LaunchScreen.storyboard */ = {
			isa = PBXVariantGroup;
			children = (
				2C7BB6EE2AD8E25400F3E7E7 /* Base */,
			);
			name = LaunchScreen.storyboard;
			sourceTree = "<group>";
		};
/* End PBXVariantGroup section */

/* Begin XCBuildConfiguration section */
		2C7BB6F12AD8E25400F3E7E7 /* Debug */ = {
			isa = XCBuildConfiguration;
			buildSettings = {
				ALWAYS_SEARCH_USER_PATHS = NO;
				ASSETCATALOG_COMPILER_GENERATE_SWIFT_ASSET_SYMBOL_EXTENSIONS = YES;
				CLANG_ANALYZER_NONNULL = YES;
				CLANG_ANALYZER_NUMBER_OBJECT_CONVERSION = YES_AGGRESSIVE;
				CLANG_CXX_LANGUAGE_STANDARD = "gnu++20";
				CLANG_ENABLE_MODULES = YES;
				CLANG_ENABLE_OBJC_ARC = YES;
				CLANG_ENABLE_OBJC_WEAK = YES;
				CLANG_WARN_BLOCK_CAPTURE_AUTORELEASING = YES;
				CLANG_WARN_BOOL_CONVERSION = YES;
				CLANG_WARN_COMMA = YES;
				CLANG_WARN_CONSTANT_CONVERSION = YES;
				CLANG_WARN_DEPRECATED_OBJC_IMPLEMENTATIONS = YES;
				CLANG_WARN_DIRECT_OBJC_ISA_USAGE = YES_ERROR;
				CLANG_WARN_DOCUMENTATION_COMMENTS = YES;
				CLANG_WARN_EMPTY_BODY = YES;
				CLANG_WARN_ENUM_CONVERSION = YES;
				CLANG_WARN_INFINITE_RECURSION = YES;
				CLANG_WARN_INT_CONVERSION = YES;
				CLANG_WARN_NON_LITERAL_NULL_CONVERSION = YES;
				CLANG_WARN_OBJC_IMPLICIT_RETAIN_SELF = YES;
				CLANG_WARN_OBJC_LITERAL_CONVERSION = YES;
				CLANG_WARN_OBJC_ROOT_CLASS = YES_ERROR;
				CLANG_WARN_QUOTED_INCLUDE_IN_FRAMEWORK_HEADER = YES;
				CLANG_WARN_RANGE_LOOP_ANALYSIS = YES;
				CLANG_WARN_STRICT_PROTOTYPES = YES;
				CLANG_WARN_SUSPICIOUS_MOVE = YES;
				CLANG_WARN_UNGUARDED_AVAILABILITY = YES_AGGRESSIVE;
				CLANG_WARN_UNREACHABLE_CODE = YES;
				CLANG_WARN__DUPLICATE_METHOD_MATCH = YES;
				COPY_PHASE_STRIP = NO;
				DEBUG_INFORMATION_FORMAT = dwarf;
				ENABLE_STRICT_OBJC_MSGSEND = YES;
				ENABLE_TESTABILITY = YES;
				ENABLE_USER_SCRIPT_SANDBOXING = YES;
				GCC_C_LANGUAGE_STANDARD = gnu17;
				GCC_DYNAMIC_NO_PIC = NO;
				GCC_NO_COMMON_BLOCKS = YES;
				GCC_OPTIMIZATION_LEVEL = 0;
				GCC_PREPROCESSOR_DEFINITIONS = (
					"DEBUG=1",
					"$(inherited)",
				);
				GCC_WARN_64_TO_32_BIT_CONVERSION = YES;
				GCC_WARN_ABOUT_RETURN_TYPE = YES_ERROR;
				GCC_WARN_UNDECLARED_SELECTOR = YES;
				GCC_WARN_UNINITIALIZED_AUTOS = YES_AGGRESSIVE;
				GCC_WARN_UNUSED_FUNCTION = YES;
				GCC_WARN_UNUSED_VARIABLE = YES;
				IPHONEOS_DEPLOYMENT_TARGET = 17.0;
				LOCALIZATION_PREFERS_STRING_CATALOGS = YES;
				MTL_ENABLE_DEBUG_INFO = INCLUDE_SOURCE;
				MTL_FAST_MATH = YES;
				ONLY_ACTIVE_ARCH = YES;
				SDKROOT = iphoneos;
				SWIFT_ACTIVE_COMPILATION_CONDITIONS = "DEBUG $(inherited)";
				SWIFT_OPTIMIZATION_LEVEL = "-Onone";
			};
			name = Debug;
		};
		2C7BB6F22AD8E25400F3E7E7 /* Release */ = {
			isa = XCBuildConfiguration;
			buildSettings = {
				ALWAYS_SEARCH_USER_PATHS = NO;
				ASSETCATALOG_COMPILER_GENERATE_SWIFT_ASSET_SYMBOL_EXTENSIONS = YES;
				CLANG_ANALYZER_NONNULL = YES;
				CLANG_ANALYZER_NUMBER_OBJECT_CONVERSION = YES_AGGRESSIVE;
				CLANG_CXX_LANGUAGE_STANDARD = "gnu++20";
				CLANG_ENABLE_MODULES = YES;
				CLANG_ENABLE_OBJC_ARC = YES;
				CLANG_ENABLE_OBJC_WEAK = YES;
				CLANG_WARN_BLOCK_CAPTURE_AUTORELEASING = YES;
				CLANG_WARN_BOOL_CONVERSION = YES;
				CLANG_WARN_COMMA = YES;
				CLANG_WARN_CONSTANT_CONVERSION = YES;
				CLANG_WARN_DEPRECATED_OBJC_IMPLEMENTATIONS = YES;
				CLANG_WARN_DIRECT_OBJC_ISA_USAGE = YES_ERROR;
				CLANG_WARN_DOCUMENTATION_COMMENTS = YES;
				CLANG_WARN_EMPTY_BODY = YES;
				CLANG_WARN_ENUM_CONVERSION = YES;
				CLANG_WARN_INFINITE_RECURSION = YES;
				CLANG_WARN_INT_CONVERSION = YES;
				CLANG_WARN_NON_LITERAL_NULL_CONVERSION = YES;
				CLANG_WARN_OBJC_IMPLICIT_RETAIN_SELF = YES;
				CLANG_WARN_OBJC_LITERAL_CONVERSION = YES;
				CLANG_WARN_OBJC_ROOT_CLASS = YES_ERROR;
				CLANG_WARN_QUOTED_INCLUDE_IN_FRAMEWORK_HEADER = YES;
				CLANG_WARN_RANGE_LOOP_ANALYSIS = YES;
				CLANG_WARN_STRICT_PROTOTYPES = YES;
				CLANG_WARN_SUSPICIOUS_MOVE = YES;
				CLANG_WARN_UNGUARDED_AVAILABILITY = YES_AGGRESSIVE;
				CLANG_WARN_UNREACHABLE_CODE = YES;
				CLANG_WARN__DUPLICATE_METHOD_MATCH = YES;
				COPY_PHASE_STRIP = NO;
				DEBUG_INFORMATION_FORMAT = "dwarf-with-dsym";
				ENABLE_NS_ASSERTIONS = NO;
				ENABLE_STRICT_OBJC_MSGSEND = YES;
				ENABLE_USER_SCRIPT_SANDBOXING = YES;
				GCC_C_LANGUAGE_STANDARD = gnu17;
				GCC_NO_COMMON_BLOCKS = YES;
				GCC_WARN_64_TO_32_BIT_CONVERSION = YES;
				GCC_WARN_ABOUT_RETURN_TYPE = YES_ERROR;
				GCC_WARN_UNDECLARED_SELECTOR = YES;
				GCC_WARN_UNINITIALIZED_AUTOS = YES_AGGRESSIVE;
				GCC_WARN_UNUSED_FUNCTION = YES;
				GCC_WARN_UNUSED_VARIABLE = YES;
				IPHONEOS_DEPLOYMENT_TARGET = 17.0;
				LOCALIZATION_PREFERS_STRING_CATALOGS = YES;
				MTL_ENABLE_DEBUG_INFO = NO;
				MTL_FAST_MATH = YES;
				SDKROOT = iphoneos;
				SWIFT_COMPILATION_MODE = wholemodule;
				VALIDATE_PRODUCT = YES;
			};
			name = Release;
		};
		2C7BB6F42AD8E25400F3E7E7 /* Debug */ = {
			isa = XCBuildConfiguration;
			buildSettings = {
				ASSETCATALOG_COMPILER_APPICON_NAME = AppIcon;
				ASSETCATALOG_COMPILER_GLOBAL_ACCENT_COLOR_NAME = AccentColor;
				CODE_SIGN_STYLE = Automatic;
				CURRENT_PROJECT_VERSION = 1;
				DEVELOPMENT_TEAM = L22KGAL4ND;
				GENERATE_INFOPLIST_FILE = YES;
				INFOPLIST_FILE = 1stWeek/Info.plist;
				INFOPLIST_KEY_UIApplicationSupportsIndirectInputEvents = YES;
				INFOPLIST_KEY_UILaunchStoryboardName = LaunchScreen;
				INFOPLIST_KEY_UIMainStoryboardFile = Main;
				INFOPLIST_KEY_UISupportedInterfaceOrientations_iPad = "UIInterfaceOrientationPortrait UIInterfaceOrientationPortraitUpsideDown UIInterfaceOrientationLandscapeLeft UIInterfaceOrientationLandscapeRight";
				INFOPLIST_KEY_UISupportedInterfaceOrientations_iPhone = "UIInterfaceOrientationPortrait UIInterfaceOrientationLandscapeLeft UIInterfaceOrientationLandscapeRight";
				LD_RUNPATH_SEARCH_PATHS = (
					"$(inherited)",
					"@executable_path/Frameworks",
				);
				MARKETING_VERSION = 1.0;
				PRODUCT_BUNDLE_IDENTIFIER = "shinjiwon.-stWeek";
				PRODUCT_NAME = "$(TARGET_NAME)";
				SWIFT_EMIT_LOC_STRINGS = YES;
				SWIFT_VERSION = 5.0;
				TARGETED_DEVICE_FAMILY = "1,2";
			};
			name = Debug;
		};
		2C7BB6F52AD8E25400F3E7E7 /* Release */ = {
			isa = XCBuildConfiguration;
			buildSettings = {
				ASSETCATALOG_COMPILER_APPICON_NAME = AppIcon;
				ASSETCATALOG_COMPILER_GLOBAL_ACCENT_COLOR_NAME = AccentColor;
				CODE_SIGN_STYLE = Automatic;
				CURRENT_PROJECT_VERSION = 1;
				DEVELOPMENT_TEAM = L22KGAL4ND;
				GENERATE_INFOPLIST_FILE = YES;
				INFOPLIST_FILE = 1stWeek/Info.plist;
				INFOPLIST_KEY_UIApplicationSupportsIndirectInputEvents = YES;
				INFOPLIST_KEY_UILaunchStoryboardName = LaunchScreen;
				INFOPLIST_KEY_UIMainStoryboardFile = Main;
				INFOPLIST_KEY_UISupportedInterfaceOrientations_iPad = "UIInterfaceOrientationPortrait UIInterfaceOrientationPortraitUpsideDown UIInterfaceOrientationLandscapeLeft UIInterfaceOrientationLandscapeRight";
				INFOPLIST_KEY_UISupportedInterfaceOrientations_iPhone = "UIInterfaceOrientationPortrait UIInterfaceOrientationLandscapeLeft UIInterfaceOrientationLandscapeRight";
				LD_RUNPATH_SEARCH_PATHS = (
					"$(inherited)",
					"@executable_path/Frameworks",
				);
				MARKETING_VERSION = 1.0;
				PRODUCT_BUNDLE_IDENTIFIER = "shinjiwon.-stWeek";
				PRODUCT_NAME = "$(TARGET_NAME)";
				SWIFT_EMIT_LOC_STRINGS = YES;
				SWIFT_VERSION = 5.0;
				TARGETED_DEVICE_FAMILY = "1,2";
			};
			name = Release;
		};
/* End XCBuildConfiguration section */

/* Begin XCConfigurationList section */
		2C7BB6DA2AD8E25300F3E7E7 /* Build configuration list for PBXProject "1stWeek" */ = {
			isa = XCConfigurationList;
			buildConfigurations = (
				2C7BB6F12AD8E25400F3E7E7 /* Debug */,
				2C7BB6F22AD8E25400F3E7E7 /* Release */,
			);
			defaultConfigurationIsVisible = 0;
			defaultConfigurationName = Release;
		};
		2C7BB6F32AD8E25400F3E7E7 /* Build configuration list for PBXNativeTarget "1stWeek" */ = {
			isa = XCConfigurationList;
			buildConfigurations = (
				2C7BB6F42AD8E25400F3E7E7 /* Debug */,
				2C7BB6F52AD8E25400F3E7E7 /* Release */,
			);
			defaultConfigurationIsVisible = 0;
			defaultConfigurationName = Release;
		};
/* End XCConfigurationList section */
	};
	rootObject = 2C7BB6D72AD8E25300F3E7E7 /* Project object */;
}
